
Microsoft Visual Studio Solution File, Format Version 12.00
# Visual Studio Version 16
VisualStudioVersion = 16.0.29324.140
MinimumVisualStudioVersion = 10.0.40219.1
Project("{9A19103F-16F7-4668-BE54-9A1E7A4F7556}") = "Task1", "Task1\Task1.csproj", "{D0FE08CC-78B9-42B8-A044-9B8229AA0F2C}"
EndProject
Project("{9A19103F-16F7-4668-BE54-9A1E7A4F7556}") = "ResNetMatcher", "ResNetMatcher\ResNetMatcher.csproj", "{84DB895A-8BBE-49DD-8BB5-796241167E4E}"
EndProject
Project("{9A19103F-16F7-4668-BE54-9A1E7A4F7556}") = "Task2", "Task2\Task2.csproj", "{EF98A5DD-11C7-4F66-802E-D0A388BDFE51}"
EndProject
Project("{9A19103F-16F7-4668-BE54-9A1E7A4F7556}") = "WPFClient", "Task3\WPFClient.csproj", "{1EFE9606-E841-4CCC-9909-C1F7E8E1B00D}"
EndProject
Project("{FAE04EC0-301F-11D3-BF4B-00C04F79EFBC}") = "ASPServer", "ASPServer\ASPServer.csproj", "{102F7640-1010-404D-AC82-09C02F82F69F}"
EndProject
Project("{FAE04EC0-301F-11D3-BF4B-00C04F79EFBC}") = "Test", "Test\Test.csproj", "{875815ED-4C60-4429-80BE-653FCE59A157}"
EndProject
Global
	GlobalSection(SolutionConfigurationPlatforms) = preSolution
		Debug|Any CPU = Debug|Any CPU
		Debug|x64 = Debug|x64
		Debug|x86 = Debug|x86
		Release|Any CPU = Release|Any CPU
		Release|x64 = Release|x64
		Release|x86 = Release|x86
	EndGlobalSection
	GlobalSection(ProjectConfigurationPlatforms) = postSolution
		{D0FE08CC-78B9-42B8-A044-9B8229AA0F2C}.Debug|Any CPU.ActiveCfg = Debug|Any CPU
		{D0FE08CC-78B9-42B8-A044-9B8229AA0F2C}.Debug|Any CPU.Build.0 = Debug|Any CPU
		{D0FE08CC-78B9-42B8-A044-9B8229AA0F2C}.Debug|x64.ActiveCfg = Debug|x64
		{D0FE08CC-78B9-42B8-A044-9B8229AA0F2C}.Debug|x64.Build.0 = Debug|x64
		{D0FE08CC-78B9-42B8-A044-9B8229AA0F2C}.Debug|x86.ActiveCfg = Debug|Any CPU
		{D0FE08CC-78B9-42B8-A044-9B8229AA0F2C}.Debug|x86.Build.0 = Debug|Any CPU
		{D0FE08CC-78B9-42B8-A044-9B8229AA0F2C}.Release|Any CPU.ActiveCfg = Release|Any CPU
		{D0FE08CC-78B9-42B8-A044-9B8229AA0F2C}.Release|Any CPU.Build.0 = Release|Any CPU
		{D0FE08CC-78B9-42B8-A044-9B8229AA0F2C}.Release|x64.ActiveCfg = Release|x64
		{D0FE08CC-78B9-42B8-A044-9B8229AA0F2C}.Release|x64.Build.0 = Release|x64
		{D0FE08CC-78B9-42B8-A044-9B8229AA0F2C}.Release|x86.ActiveCfg = Release|Any CPU
		{D0FE08CC-78B9-42B8-A044-9B8229AA0F2C}.Release|x86.Build.0 = Release|Any CPU
		{84DB895A-8BBE-49DD-8BB5-796241167E4E}.Debug|Any CPU.ActiveCfg = Debug|Any CPU
		{84DB895A-8BBE-49DD-8BB5-796241167E4E}.Debug|Any CPU.Build.0 = Debug|Any CPU
		{84DB895A-8BBE-49DD-8BB5-796241167E4E}.Debug|x64.ActiveCfg = Debug|x64
		{84DB895A-8BBE-49DD-8BB5-796241167E4E}.Debug|x64.Build.0 = Debug|x64
		{84DB895A-8BBE-49DD-8BB5-796241167E4E}.Debug|x86.ActiveCfg = Debug|Any CPU
		{84DB895A-8BBE-49DD-8BB5-796241167E4E}.Debug|x86.Build.0 = Debug|Any CPU
		{84DB895A-8BBE-49DD-8BB5-796241167E4E}.Release|Any CPU.ActiveCfg = Release|Any CPU
		{84DB895A-8BBE-49DD-8BB5-796241167E4E}.Release|Any CPU.Build.0 = Release|Any CPU
		{84DB895A-8BBE-49DD-8BB5-796241167E4E}.Release|x64.ActiveCfg = Release|x64
		{84DB895A-8BBE-49DD-8BB5-796241167E4E}.Release|x64.Build.0 = Release|x64
		{84DB895A-8BBE-49DD-8BB5-796241167E4E}.Release|x86.ActiveCfg = Release|Any CPU
		{84DB895A-8BBE-49DD-8BB5-796241167E4E}.Release|x86.Build.0 = Release|Any CPU
		{EF98A5DD-11C7-4F66-802E-D0A388BDFE51}.Debug|Any CPU.ActiveCfg = Debug|Any CPU
		{EF98A5DD-11C7-4F66-802E-D0A388BDFE51}.Debug|Any CPU.Build.0 = Debug|Any CPU
		{EF98A5DD-11C7-4F66-802E-D0A388BDFE51}.Debug|x64.ActiveCfg = Debug|x64
		{EF98A5DD-11C7-4F66-802E-D0A388BDFE51}.Debug|x64.Build.0 = Debug|x64
		{EF98A5DD-11C7-4F66-802E-D0A388BDFE51}.Debug|x86.ActiveCfg = Debug|Any CPU
		{EF98A5DD-11C7-4F66-802E-D0A388BDFE51}.Debug|x86.Build.0 = Debug|Any CPU
		{EF98A5DD-11C7-4F66-802E-D0A388BDFE51}.Release|Any CPU.ActiveCfg = Release|Any CPU
		{EF98A5DD-11C7-4F66-802E-D0A388BDFE51}.Release|Any CPU.Build.0 = Release|Any CPU
		{EF98A5DD-11C7-4F66-802E-D0A388BDFE51}.Release|x64.ActiveCfg = Release|x64
		{EF98A5DD-11C7-4F66-802E-D0A388BDFE51}.Release|x64.Build.0 = Release|x64
		{EF98A5DD-11C7-4F66-802E-D0A388BDFE51}.Release|x86.ActiveCfg = Release|Any CPU
		{EF98A5DD-11C7-4F66-802E-D0A388BDFE51}.Release|x86.Build.0 = Release|Any CPU
		{1EFE9606-E841-4CCC-9909-C1F7E8E1B00D}.Debug|Any CPU.ActiveCfg = Debug|Any CPU
		{1EFE9606-E841-4CCC-9909-C1F7E8E1B00D}.Debug|Any CPU.Build.0 = Debug|Any CPU
		{1EFE9606-E841-4CCC-9909-C1F7E8E1B00D}.Debug|x64.ActiveCfg = Debug|x64
		{1EFE9606-E841-4CCC-9909-C1F7E8E1B00D}.Debug|x64.Build.0 = Debug|x64
		{1EFE9606-E841-4CCC-9909-C1F7E8E1B00D}.Debug|x86.ActiveCfg = Debug|Any CPU
		{1EFE9606-E841-4CCC-9909-C1F7E8E1B00D}.Debug|x86.Build.0 = Debug|Any CPU
		{1EFE9606-E841-4CCC-9909-C1F7E8E1B00D}.Release|Any CPU.ActiveCfg = Release|Any CPU
		{1EFE9606-E841-4CCC-9909-C1F7E8E1B00D}.Release|Any CPU.Build.0 = Release|Any CPU
		{1EFE9606-E841-4CCC-9909-C1F7E8E1B00D}.Release|x64.ActiveCfg = Release|x64
		{1EFE9606-E841-4CCC-9909-C1F7E8E1B00D}.Release|x64.Build.0 = Release|x64
		{1EFE9606-E841-4CCC-9909-C1F7E8E1B00D}.Release|x86.ActiveCfg = Release|Any CPU
		{1EFE9606-E841-4CCC-9909-C1F7E8E1B00D}.Release|x86.Build.0 = Release|Any CPU
		{102F7640-1010-404D-AC82-09C02F82F69F}.Debug|Any CPU.ActiveCfg = Debug|Any CPU
		{102F7640-1010-404D-AC82-09C02F82F69F}.Debug|Any CPU.Build.0 = Debug|Any CPU
		{102F7640-1010-404D-AC82-09C02F82F69F}.Debug|x64.ActiveCfg = Debug|Any CPU
		{102F7640-1010-404D-AC82-09C02F82F69F}.Debug|x64.Build.0 = Debug|Any CPU
		{102F7640-1010-404D-AC82-09C02F82F69F}.Debug|x86.ActiveCfg = Debug|Any CPU
		{102F7640-1010-404D-AC82-09C02F82F69F}.Debug|x86.Build.0 = Debug|Any CPU
		{102F7640-1010-404D-AC82-09C02F82F69F}.Release|Any CPU.ActiveCfg = Release|Any CPU
		{102F7640-1010-404D-AC82-09C02F82F69F}.Release|Any CPU.Build.0 = Release|Any CPU
		{102F7640-1010-404D-AC82-09C02F82F69F}.Release|x64.ActiveCfg = Release|Any CPU
		{102F7640-1010-404D-AC82-09C02F82F69F}.Release|x64.Build.0 = Release|Any CPU
		{102F7640-1010-404D-AC82-09C02F82F69F}.Release|x86.ActiveCfg = Release|Any CPU
		{102F7640-1010-404D-AC82-09C02F82F69F}.Release|x86.Build.0 = Release|Any CPU
		{875815ED-4C60-4429-80BE-653FCE59A157}.Debug|Any CPU.ActiveCfg = Debug|Any CPU
		{875815ED-4C60-4429-80BE-653FCE59A157}.Debug|Any CPU.Build.0 = Debug|Any CPU
		{875815ED-4C60-4429-80BE-653FCE59A157}.Debug|x64.ActiveCfg = Debug|Any CPU
		{875815ED-4C60-4429-80BE-653FCE59A157}.Debug|x64.Build.0 = Debug|Any CPU
		{875815ED-4C60-4429-80BE-653FCE59A157}.Debug|x86.ActiveCfg = Debug|Any CPU
		{875815ED-4C60-4429-80BE-653FCE59A157}.Debug|x86.Build.0 = Debug|Any CPU
		{875815ED-4C60-4429-80BE-653FCE59A157}.Release|Any CPU.ActiveCfg = Release|Any CPU
		{875815ED-4C60-4429-80BE-653FCE59A157}.Release|Any CPU.Build.0 = Release|Any CPU
		{875815ED-4C60-4429-80BE-653FCE59A157}.Release|x64.ActiveCfg = Release|Any CPU
		{875815ED-4C60-4429-80BE-653FCE59A157}.Release|x64.Build.0 = Release|Any CPU
		{875815ED-4C60-4429-80BE-653FCE59A157}.Release|x86.ActiveCfg = Release|Any CPU
		{875815ED-4C60-4429-80BE-653FCE59A157}.Release|x86.Build.0 = Release|Any CPU
	EndGlobalSection
	GlobalSection(SolutionProperties) = preSolution
		HideSolutionNode = FALSE
	EndGlobalSection
	GlobalSection(ExtensibilityGlobals) = postSolution
		SolutionGuid = {BFD71139-2629-4A33-A6D1-CB9F7B374293}
	EndGlobalSection
EndGlobal
